
Microsoft Visual Studio Solution File, Format Version 12.00
# Visual Studio 15
VisualStudioVersion = 15.0.28307.757
MinimumVisualStudioVersion = 10.0.40219.1
Project("{FAE04EC0-301F-11D3-BF4B-00C04F79EFBC}") = "EfficiencyTimer.Android", "EfficiencyTimer\EfficiencyTimer.Android\EfficiencyTimer.Android.csproj", "{F8383F79-28BC-4C07-941A-59C8779F825C}"
EndProject
Project("{FAE04EC0-301F-11D3-BF4B-00C04F79EFBC}") = "EfficiencyTimer", "EfficiencyTimer\EfficiencyTimer\EfficiencyTimer.csproj", "{E83E82AB-F15D-4AA4-B62E-973D0CE659A7}"
EndProject
Global
	GlobalSection(SolutionConfigurationPlatforms) = preSolution
		Debug|Any CPU = Debug|Any CPU
		Release|Any CPU = Release|Any CPU
	EndGlobalSection
	GlobalSection(ProjectConfigurationPlatforms) = postSolution
		{F8383F79-28BC-4C07-941A-59C8779F825C}.Debug|Any CPU.ActiveCfg = Debug|Any CPU
		{F8383F79-28BC-4C07-941A-59C8779F825C}.Debug|Any CPU.Build.0 = Debug|Any CPU
		{F8383F79-28BC-4C07-941A-59C8779F825C}.Debug|Any CPU.Deploy.0 = Debug|Any CPU
		{F8383F79-28BC-4C07-941A-59C8779F825C}.Release|Any CPU.ActiveCfg = Release|Any CPU
		{F8383F79-28BC-4C07-941A-59C8779F825C}.Release|Any CPU.Build.0 = Release|Any CPU
		{F8383F79-28BC-4C07-941A-59C8779F825C}.Release|Any CPU.Deploy.0 = Release|Any CPU
		{E83E82AB-F15D-4AA4-B62E-973D0CE659A7}.Debug|Any CPU.ActiveCfg = Debug|Any CPU
		{E83E82AB-F15D-4AA4-B62E-973D0CE659A7}.Debug|Any CPU.Build.0 = Debug|Any CPU
		{E83E82AB-F15D-4AA4-B62E-973D0CE659A7}.Debug|Any CPU.Deploy.0 = Debug|Any CPU
		{E83E82AB-F15D-4AA4-B62E-973D0CE659A7}.Release|Any CPU.ActiveCfg = Release|Any CPU
		{E83E82AB-F15D-4AA4-B62E-973D0CE659A7}.Release|Any CPU.Build.0 = Release|Any CPU
		{E83E82AB-F15D-4AA4-B62E-973D0CE659A7}.Release|Any CPU.Deploy.0 = Release|Any CPU
	EndGlobalSection
	GlobalSection(SolutionProperties) = preSolution
		HideSolutionNode = FALSE
	EndGlobalSection
	GlobalSection(ExtensibilityGlobals) = postSolution
		SolutionGuid = {179D7669-8F0A-46D7-B52E-21CE890B9EFA}
	EndGlobalSection
EndGlobal
